
Microsoft Visual Studio Solution File, Format Version 12.00
# Visual Studio Version 17
VisualStudioVersion = 17.7.34009.444
MinimumVisualStudioVersion = 10.0.40219.1
Project("{FAE04EC0-301F-11D3-BF4B-00C04F79EFBC}") = "Task1", "Task1.csproj", "{8A5C8910-0191-40CD-8C1D-E6454F29B9E1}"
EndProject
Project("{2150E333-8FDC-42A3-9474-1A3956D46DE8}") = "Tasks", "Tasks", "{AF527A31-207B-4A68-BBAE-98B11708DCAA}"
EndProject
Project("{FAE04EC0-301F-11D3-BF4B-00C04F79EFBC}") = "Task2", "..\Task2\Task2.csproj", "{70E883B0-905A-4373-97B3-8905D1754168}"
EndProject
Project("{FAE04EC0-301F-11D3-BF4B-00C04F79EFBC}") = "Task3", "..\Task3\Task3.csproj", "{CF95CA50-C53E-47D6-8B1E-CD0C92C2D716}"
EndProject
Project("{FAE04EC0-301F-11D3-BF4B-00C04F79EFBC}") = "Task4", "..\Task4\Task4.csproj", "{726477CC-3EDA-4F4E-BB05-75121DF41FA4}"
EndProject
Project("{FAE04EC0-301F-11D3-BF4B-00C04F79EFBC}") = "Task5", "..\Task5\Task5.csproj", "{DC977453-159A-4DFC-AFDF-05DFA95AF98D}"
EndProject
Global
	GlobalSection(SolutionConfigurationPlatforms) = preSolution
		Debug|Any CPU = Debug|Any CPU
		Release|Any CPU = Release|Any CPU
	EndGlobalSection
	GlobalSection(ProjectConfigurationPlatforms) = postSolution
		{8A5C8910-0191-40CD-8C1D-E6454F29B9E1}.Debug|Any CPU.ActiveCfg = Debug|Any CPU
		{8A5C8910-0191-40CD-8C1D-E6454F29B9E1}.Debug|Any CPU.Build.0 = Debug|Any CPU
		{8A5C8910-0191-40CD-8C1D-E6454F29B9E1}.Release|Any CPU.ActiveCfg = Release|Any CPU
		{8A5C8910-0191-40CD-8C1D-E6454F29B9E1}.Release|Any CPU.Build.0 = Release|Any CPU
		{70E883B0-905A-4373-97B3-8905D1754168}.Debug|Any CPU.ActiveCfg = Debug|Any CPU
		{70E883B0-905A-4373-97B3-8905D1754168}.Debug|Any CPU.Build.0 = Debug|Any CPU
		{70E883B0-905A-4373-97B3-8905D1754168}.Release|Any CPU.ActiveCfg = Release|Any CPU
		{70E883B0-905A-4373-97B3-8905D1754168}.Release|Any CPU.Build.0 = Release|Any CPU
		{CF95CA50-C53E-47D6-8B1E-CD0C92C2D716}.Debug|Any CPU.ActiveCfg = Debug|Any CPU
		{CF95CA50-C53E-47D6-8B1E-CD0C92C2D716}.Debug|Any CPU.Build.0 = Debug|Any CPU
		{CF95CA50-C53E-47D6-8B1E-CD0C92C2D716}.Release|Any CPU.ActiveCfg = Release|Any CPU
		{CF95CA50-C53E-47D6-8B1E-CD0C92C2D716}.Release|Any CPU.Build.0 = Release|Any CPU
		{726477CC-3EDA-4F4E-BB05-75121DF41FA4}.Debug|Any CPU.ActiveCfg = Debug|Any CPU
		{726477CC-3EDA-4F4E-BB05-75121DF41FA4}.Debug|Any CPU.Build.0 = Debug|Any CPU
		{726477CC-3EDA-4F4E-BB05-75121DF41FA4}.Release|Any CPU.ActiveCfg = Release|Any CPU
		{726477CC-3EDA-4F4E-BB05-75121DF41FA4}.Release|Any CPU.Build.0 = Release|Any CPU
		{DC977453-159A-4DFC-AFDF-05DFA95AF98D}.Debug|Any CPU.ActiveCfg = Debug|Any CPU
		{DC977453-159A-4DFC-AFDF-05DFA95AF98D}.Debug|Any CPU.Build.0 = Debug|Any CPU
		{DC977453-159A-4DFC-AFDF-05DFA95AF98D}.Release|Any CPU.ActiveCfg = Release|Any CPU
		{DC977453-159A-4DFC-AFDF-05DFA95AF98D}.Release|Any CPU.Build.0 = Release|Any CPU
	EndGlobalSection
	GlobalSection(SolutionProperties) = preSolution
		HideSolutionNode = FALSE
	EndGlobalSection
	GlobalSection(NestedProjects) = preSolution
		{8A5C8910-0191-40CD-8C1D-E6454F29B9E1} = {AF527A31-207B-4A68-BBAE-98B11708DCAA}
		{70E883B0-905A-4373-97B3-8905D1754168} = {AF527A31-207B-4A68-BBAE-98B11708DCAA}
		{CF95CA50-C53E-47D6-8B1E-CD0C92C2D716} = {AF527A31-207B-4A68-BBAE-98B11708DCAA}
		{726477CC-3EDA-4F4E-BB05-75121DF41FA4} = {AF527A31-207B-4A68-BBAE-98B11708DCAA}
		{DC977453-159A-4DFC-AFDF-05DFA95AF98D} = {AF527A31-207B-4A68-BBAE-98B11708DCAA}
	EndGlobalSection
	GlobalSection(ExtensibilityGlobals) = postSolution
		SolutionGuid = {5D6E8A37-F41D-4F0E-A690-9CE66E429307}
	EndGlobalSection
EndGlobal
